Microsoft Visual Studio Solution File, Format Version 12.00
# Visual Studio 2012
Project("{FAE04EC0-301F-11D3-BF4B-00C04F79EFBC}") = "PalSweeper", "PalSweeper.csproj", "{187F9400-BD0B-4A3D-B8F9-F1EA338FC816}"
EndProject
Global
	GlobalSection(SolutionConfigurationPlatforms) = preSolution
	Debug|Any CPU = Debug|Any CPU
	ExportDebug|Any CPU = ExportDebug|Any CPU
	ExportRelease|Any CPU = ExportRelease|Any CPU
	EndGlobalSection
	GlobalSection(ProjectConfigurationPlatforms) = postSolution
		{187F9400-BD0B-4A3D-B8F9-F1EA338FC816}.Debug|Any CPU.ActiveCfg = Debug|Any CPU
		{187F9400-BD0B-4A3D-B8F9-F1EA338FC816}.Debug|Any CPU.Build.0 = Debug|Any CPU
		{187F9400-BD0B-4A3D-B8F9-F1EA338FC816}.ExportDebug|Any CPU.ActiveCfg = ExportDebug|Any CPU
		{187F9400-BD0B-4A3D-B8F9-F1EA338FC816}.ExportDebug|Any CPU.Build.0 = ExportDebug|Any CPU
		{187F9400-BD0B-4A3D-B8F9-F1EA338FC816}.ExportRelease|Any CPU.ActiveCfg = ExportRelease|Any CPU
		{187F9400-BD0B-4A3D-B8F9-F1EA338FC816}.ExportRelease|Any CPU.Build.0 = ExportRelease|Any CPU
	EndGlobalSection
EndGlobal
